Microsoft Visual Studio Solution File, Format Version 12.00
# Visual Studio 2012
Project("{FAE04EC0-301F-11D3-BF4B-00C04F79EFBC}") = "Game_Engines_Assignment", "Game_Engines_Assignment.csproj", "{29126F5E-7284-482F-AD80-EC8BF2CF659D}"
EndProject
Global
	GlobalSection(SolutionConfigurationPlatforms) = preSolution
	Debug|Any CPU = Debug|Any CPU
	ExportDebug|Any CPU = ExportDebug|Any CPU
	ExportRelease|Any CPU = ExportRelease|Any CPU
	EndGlobalSection
	GlobalSection(ProjectConfigurationPlatforms) = postSolution
		{29126F5E-7284-482F-AD80-EC8BF2CF659D}.Debug|Any CPU.ActiveCfg = Debug|Any CPU
		{29126F5E-7284-482F-AD80-EC8BF2CF659D}.Debug|Any CPU.Build.0 = Debug|Any CPU
		{29126F5E-7284-482F-AD80-EC8BF2CF659D}.ExportDebug|Any CPU.ActiveCfg = ExportDebug|Any CPU
		{29126F5E-7284-482F-AD80-EC8BF2CF659D}.ExportDebug|Any CPU.Build.0 = ExportDebug|Any CPU
		{29126F5E-7284-482F-AD80-EC8BF2CF659D}.ExportRelease|Any CPU.ActiveCfg = ExportRelease|Any CPU
		{29126F5E-7284-482F-AD80-EC8BF2CF659D}.ExportRelease|Any CPU.Build.0 = ExportRelease|Any CPU
	EndGlobalSection
EndGlobal
